
Microsoft Visual Studio Solution File, Format Version 12.00
# Visual Studio Version 17
VisualStudioVersion = 17.4.33403.182
MinimumVisualStudioVersion = 10.0.40219.1
Project("{FAE04EC0-301F-11D3-BF4B-00C04F79EFBC}") = "ticTacToeNumeroDuo", "ticTacToeNumeroDuo\ticTacToeNumeroDuo.csproj", "{EA8D1801-547F-4D10-9C46-D48E473F56A4}"
EndProject
Global
	GlobalSection(SolutionConfigurationPlatforms) = preSolution
		Debug|Any CPU = Debug|Any CPU
		Release|Any CPU = Release|Any CPU
	EndGlobalSection
	GlobalSection(ProjectConfigurationPlatforms) = postSolution
		{EA8D1801-547F-4D10-9C46-D48E473F56A4}.Debug|Any CPU.ActiveCfg = Debug|Any CPU
		{EA8D1801-547F-4D10-9C46-D48E473F56A4}.Debug|Any CPU.Build.0 = Debug|Any CPU
		{EA8D1801-547F-4D10-9C46-D48E473F56A4}.Release|Any CPU.ActiveCfg = Release|Any CPU
		{EA8D1801-547F-4D10-9C46-D48E473F56A4}.Release|Any CPU.Build.0 = Release|Any CPU
	EndGlobalSection
	GlobalSection(SolutionProperties) = preSolution
		HideSolutionNode = FALSE
	EndGlobalSection
	GlobalSection(ExtensibilityGlobals) = postSolution
		SolutionGuid = {8C66D8FB-9F7D-49A3-9A99-BDF9BB19D998}
	EndGlobalSection
EndGlobal
